
Microsoft Visual Studio Solution File, Format Version 12.00
# Visual Studio Version 16
VisualStudioVersion = 16.0.33529.622
MinimumVisualStudioVersion = 10.0.40219.1
Project("{FAE04EC0-301F-11D3-BF4B-00C04F79EFBC}") = "my-books", "my-books\my-books.csproj", "{4FEB70C4-569E-48BF-A1DC-35207B81813E}"
EndProject
Global
	GlobalSection(SolutionConfigurationPlatforms) = preSolution
		Debug|Any CPU = Debug|Any CPU
		Release|Any CPU = Release|Any CPU
	EndGlobalSection
	GlobalSection(ProjectConfigurationPlatforms) = postSolution
		{4FEB70C4-569E-48BF-A1DC-35207B81813E}.Debug|Any CPU.ActiveCfg = Debug|Any CPU
		{4FEB70C4-569E-48BF-A1DC-35207B81813E}.Debug|Any CPU.Build.0 = Debug|Any CPU
		{4FEB70C4-569E-48BF-A1DC-35207B81813E}.Release|Any CPU.ActiveCfg = Release|Any CPU
		{4FEB70C4-569E-48BF-A1DC-35207B81813E}.Release|Any CPU.Build.0 = Release|Any CPU
	EndGlobalSection
	GlobalSection(SolutionProperties) = preSolution
		HideSolutionNode = FALSE
	EndGlobalSection
	GlobalSection(ExtensibilityGlobals) = postSolution
		SolutionGuid = {E6E3BFBE-5934-4105-B91C-DE6D6DB4E5B3}
	EndGlobalSection
EndGlobal
